
Microsoft Visual Studio Solution File, Format Version 12.00
# Visual Studio Version 17
VisualStudioVersion = 17.6.33829.357
MinimumVisualStudioVersion = 10.0.40219.1
Project("{9A19103F-16F7-4668-BE54-9A1E7A4F7556}") = "CloudAzureFunction", "CloudAzureFunction\CloudAzureFunction.csproj", "{41581C99-FDDE-48BF-BB52-44975477C60B}"
EndProject
Global
	GlobalSection(SolutionConfigurationPlatforms) = preSolution
		Debug|Any CPU = Debug|Any CPU
		Release|Any CPU = Release|Any CPU
	EndGlobalSection
	GlobalSection(ProjectConfigurationPlatforms) = postSolution
		{41581C99-FDDE-48BF-BB52-44975477C60B}.Debug|Any CPU.ActiveCfg = Debug|Any CPU
		{41581C99-FDDE-48BF-BB52-44975477C60B}.Debug|Any CPU.Build.0 = Debug|Any CPU
		{41581C99-FDDE-48BF-BB52-44975477C60B}.Release|Any CPU.ActiveCfg = Release|Any CPU
		{41581C99-FDDE-48BF-BB52-44975477C60B}.Release|Any CPU.Build.0 = Release|Any CPU
	EndGlobalSection
	GlobalSection(SolutionProperties) = preSolution
		HideSolutionNode = FALSE
	EndGlobalSection
	GlobalSection(ExtensibilityGlobals) = postSolution
		SolutionGuid = {D6C2C62C-4B32-4CDC-8E9F-BBA649852EAB}
	EndGlobalSection
EndGlobal
